<Solution>
  <Folder Name="/Solution Items/">
    <File Path=".gitignore" />
    <File Path="Directory.Build.props" />
    <File Path="Directory.Packages.props" />
    <File Path="global.json" />
    <File Path="NuGet.config" />
  </Folder>
  <Folder Name="/src/">
    <Project Path="Leptonica.Contracts/Leptonica.Contracts.csproj" />
    <Project Path="Leptonica/Leptonica.csproj" />
    <Project Path="Tesseract.Contracts/Tesseract.Contracts.csproj" />
    <Project Path="Tesseract/Tesseract.csproj" />
  </Folder>
  <Folder Name="/tests/">
    <Project Path="tests\Tesseract.IntegrationTest\Tesseract.IntegrationTest.csproj" />
    <Project Path="tests\Tesseract.UnitTests\Tesseract.UnitTests.csproj" />
  </Folder>
</Solution>
